// !$*UTF8*$!
{
	archiveVersion = 1;
	classes = {
	};
	objectVersion = 50;
	objects = {

/* Begin PBXBuildFile section */
		3E478DBE24D60A2900483654 /* AppDelegate.swift in Sources */ = {isa = PBXBuildFile; fileRef = 3E478DBD24D60A2900483654 /* AppDelegate.swift */; };
		3E478DC024D60A2900483654 /* SceneDelegate.swift in Sources */ = {isa = PBXBuildFile; fileRef = 3E478DBF24D60A2900483654 /* SceneDelegate.swift */; };
		3E478DC224D60A2900483654 /* ViewController.swift in Sources */ = {isa = PBXBuildFile; fileRef = 3E478DC124D60A2900483654 /* ViewController.swift */; };
		3E478DC524D60A2900483654 /* Main.storyboard in Resources */ = {isa = PBXBuildFile; fileRef = 3E478DC324D60A2900483654 /* Main.storyboard */; };
		3E478DC724D60A2A00483654 /* Assets.xcassets in Resources */ = {isa = PBXBuildFile; fileRef = 3E478DC624D60A2A00483654 /* Assets.xcassets */; };
		3E478DCA24D60A2A00483654 /* LaunchScreen.storyboard in Resources */ = {isa = PBXBuildFile; fileRef = 3E478DC824D60A2A00483654 /* LaunchScreen.storyboard */; };
		3E478DD524D60A2A00483654 /* TipCalcTests.swift in Sources */ = {isa = PBXBuildFile; fileRef = 3E478DD424D60A2A00483654 /* TipCalcTests.swift */; };
		3E478DE024D60A2A00483654 /* TipCalcUITests.swift in Sources */ = {isa = PBXBuildFile; fileRef = 3E478DDF24D60A2A00483654 /* TipCalcUITests.swift */; };
/* End PBXBuildFile section */

/* Begin PBXContainerItemProxy section */
		3E478DD124D60A2A00483654 /* PBXContainerItemProxy */ = {
			isa = PBXContainerItemProxy;
			containerPortal = 3E478DB224D60A2900483654 /* Project object */;
			proxyType = 1;
			remoteGlobalIDString = 3E478DB924D60A2900483654;
			remoteInfo = TipCalc;
		};
		3E478DDC24D60A2A00483654 /* PBXContainerItemProxy */ = {
			isa = PBXContainerItemProxy;
			containerPortal = 3E478DB224D60A2900483654 /* Project object */;
			proxyType = 1;
			remoteGlobalIDString = 3E478DB924D60A2900483654;
			remoteInfo = TipCalc;
		};
/* End PBXContainerItemProxy section */

/* Begin PBXFileReference section */
		3E478DBA24D60A2900483654 /* TipCalc.app */ = {isa = PBXFileReference; explicitFileType = wrapper.application; includeInIndex = 0; path = TipCalc.app; sourceTree = BUILT_PRODUCTS_DIR; };
		3E478DBD24D60A2900483654 /* AppDelegate.swift */ = {isa = PBXFileReference; lastKnownFileType = sourcecode.swift; path = AppDelegate.swift; sourceTree = "<group>"; };
		3E478DBF24D60A2900483654 /* SceneDelegate.swift */ = {isa = PBXFileReference; lastKnownFileType = sourcecode.swift; path = SceneDelegate.swift; sourceTree = "<group>"; };
		3E478DC124D60A2900483654 /* ViewController.swift */ = {isa = PBXFileReference; lastKnownFileType = sourcecode.swift; path = ViewController.swift; sourceTree = "<group>"; };
		3E478DC424D60A2900483654 /* Base */ = {isa = PBXFileReference; lastKnownFileType = file.storyboard; name = Base; path = Base.lproj/Main.storyboard; sourceTree = "<group>"; };
		3E478DC624D60A2A00483654 /* Assets.xcassets */ = {isa = PBXFileReference; lastKnownFileType = folder.assetcatalog; path = Assets.xcassets; sourceTree = "<group>"; };
		3E478DC924D60A2A00483654 /* Base */ = {isa = PBXFileReference; lastKnownFileType = file.storyboard; name = Base; path = Base.lproj/LaunchScreen.storyboard; sourceTree = "<group>"; };
		3E478DCB24D60A2A00483654 /* Info.plist */ = {isa = PBXFileReference; lastKnownFileType = text.plist.xml; path = Info.plist; sourceTree = "<group>"; };
		3E478DD024D60A2A00483654 /* TipCalcTests.xctest */ = {isa = PBXFileReference; explicitFileType = wrapper.cfbundle; includeInIndex = 0; path = TipCalcTests.xctest; sourceTree = BUILT_PRODUCTS_DIR; };
		3E478DD424D60A2A00483654 /* TipCalcTests.swift */ = {isa = PBXFileReference; lastKnownFileType = sourcecode.swift; path = TipCalcTests.swift; sourceTree = "<group>"; };
		3E478DD624D60A2A00483654 /* Info.plist */ = {isa = PBXFileReference; lastKnownFileType = text.plist.xml; path = Info.plist; sourceTree = "<group>"; };
		3E478DDB24D60A2A00483654 /* TipCalcUITests.xctest */ = {isa = PBXFileReference; explicitFileType = wrapper.cfbundle; includeInIndex = 0; path = TipCalcUITests.xctest; sourceTree = BUILT_PRODUCTS_DIR; };
		3E478DDF24D60A2A00483654 /* TipCalcUITests.swift */ = {isa = PBXFileReference; lastKnownFileType = sourcecode.swift; path = TipCalcUITests.swift; sourceTree = "<group>"; };
		3E478DE124D60A2A00483654 /* Info.plist */ = {isa = PBXFileReference; lastKnownFileType = text.plist.xml; path = Info.plist; sourceTree = "<group>"; };
/* End PBXFileReference section */

/* Begin PBXFrameworksBuildPhase section */
		3E478DB724D60A2900483654 /* Frameworks */ = {
			isa = PBXFrameworksBuildPhase;
			buildActionMask = 2147483647;
			files = (
			);
			runOnlyForDeploymentPostprocessing = 0;
		};
		3E478DCD24D60A2A00483654 /* Frameworks */ = {
			isa = PBXFrameworksBuildPhase;
			buildActionMask = 2147483647;
			files = (
			);
			runOnlyForDeploymentPostprocessing = 0;
		};
		3E478DD824D60A2A00483654 /* Frameworks */ = {
			isa = PBXFrameworksBuildPhase;
			buildActionMask = 2147483647;
			files = (
			);
			runOnlyForDeploymentPostprocessing = 0;
		};
/* End PBXFrameworksBuildPhase section */

/* Begin PBXGroup section */
		3E478DB124D60A2900483654 = {
			isa = PBXGroup;
			children = (
				3E478DBC24D60A2900483654 /* TipCalc */,
				3E478DD324D60A2A00483654 /* TipCalcTests */,
				3E478DDE24D60A2A00483654 /* TipCalcUITests */,
				3E478DBB24D60A2900483654 /* Products */,
			);
			sourceTree = "<group>";
		};
		3E478DBB24D60A2900483654 /* Products */ = {
			isa = PBXGroup;
			children = (
				3E478DBA24D60A2900483654 /* TipCalc.app */,
				3E478DD024D60A2A00483654 /* TipCalcTests.xctest */,
				3E478DDB24D60A2A00483654 /* TipCalcUITests.xctest */,
			);
			name = Products;
			sourceTree = "<group>";
		};
		3E478DBC24D60A2900483654 /* TipCalc */ = {
			isa = PBXGroup;
			children = (
				3E478DBD24D60A2900483654 /* AppDelegate.swift */,
				3E478DBF24D60A2900483654 /* SceneDelegate.swift */,
				3E478DC124D60A2900483654 /* ViewController.swift */,
				3E478DC324D60A2900483654 /* Main.storyboard */,
				3E478DC624D60A2A00483654 /* Assets.xcassets */,
				3E478DC824D60A2A00483654 /* LaunchScreen.storyboard */,
				3E478DCB24D60A2A00483654 /* Info.plist */,
			);
			path = TipCalc;
			sourceTree = "<group>";
		};
		3E478DD324D60A2A00483654 /* TipCalcTests */ = {
			isa = PBXGroup;
			children = (
				3E478DD424D60A2A00483654 /* TipCalcTests.swift */,
				3E478DD624D60A2A00483654 /* Info.plist */,
			);
			path = TipCalcTests;
			sourceTree = "<group>";
		};
		3E478DDE24D60A2A00483654 /* TipCalcUITests */ = {
			isa = PBXGroup;
			children = (
				3E478DDF24D60A2A00483654 /* TipCalcUITests.swift */,
				3E478DE124D60A2A00483654 /* Info.plist */,
			);
			path = TipCalcUITests;
			sourceTree = "<group>";
		};
/* End PBXGroup section */

/* Begin PBXNativeTarget section */
		3E478DB924D60A2900483654 /* TipCalc */ = {
			isa = PBXNativeTarget;
			buildConfigurationList = 3E478DE424D60A2A00483654 /* Build configuration list for PBXNativeTarget "TipCalc" */;
			buildPhases = (
				3E478DB624D60A2900483654 /* Sources */,
				3E478DB724D60A2900483654 /* Frameworks */,
				3E478DB824D60A2900483654 /* Resources */,
			);
			buildRules = (
			);
			dependencies = (
			);
			name = TipCalc;
			productName = TipCalc;
			productReference = 3E478DBA24D60A2900483654 /* TipCalc.app */;
			productType = "com.apple.product-type.application";
		};
		3E478DCF24D60A2A00483654 /* TipCalcTests */ = {
			isa = PBXNativeTarget;
			buildConfigurationList = 3E478DE724D60A2A00483654 /* Build configuration list for PBXNativeTarget "TipCalcTests" */;
			buildPhases = (
				3E478DCC24D60A2A00483654 /* Sources */,
				3E478DCD24D60A2A00483654 /* Frameworks */,
				3E478DCE24D60A2A00483654 /* Resources */,
			);
			buildRules = (
			);
			dependencies = (
				3E478DD224D60A2A00483654 /* PBXTargetDependency */,
			);
			name = TipCalcTests;
			productName = TipCalcTests;
			productReference = 3E478DD024D60A2A00483654 /* TipCalcTests.xctest */;
			productType = "com.apple.product-type.bundle.unit-test";
		};
		3E478DDA24D60A2A00483654 /* TipCalcUITests */ = {
			isa = PBXNativeTarget;
			buildConfigurationList = 3E478DEA24D60A2A00483654 /* Build configuration list for PBXNativeTarget "TipCalcUITests" */;
			buildPhases = (
				3E478DD724D60A2A00483654 /* Sources */,
				3E478DD824D60A2A00483654 /* Frameworks */,
				3E478DD924D60A2A00483654 /* Resources */,
			);
			buildRules = (
			);
			dependencies = (
				3E478DDD24D60A2A00483654 /* PBXTargetDependency */,
			);
			name = TipCalcUITests;
			productName = TipCalcUITests;
			productReference = 3E478DDB24D60A2A00483654 /* TipCalcUITests.xctest */;
			productType = "com.apple.product-type.bundle.ui-testing";
		};
/* End PBXNativeTarget section */

/* Begin PBXProject section */
		3E478DB224D60A2900483654 /* Project object */ = {
			isa = PBXProject;
			attributes = {
				LastSwiftUpdateCheck = 1160;
				LastUpgradeCheck = 1160;
				ORGANIZATIONNAME = "Nick Fong";
				TargetAttributes = {
					3E478DB924D60A2900483654 = {
						CreatedOnToolsVersion = 11.6;
					};
					3E478DCF24D60A2A00483654 = {
						CreatedOnToolsVersion = 11.6;
						TestTargetID = 3E478DB924D60A2900483654;
					};
					3E478DDA24D60A2A00483654 = {
						CreatedOnToolsVersion = 11.6;
						TestTargetID = 3E478DB924D60A2900483654;
					};
				};
			};
			buildConfigurationList = 3E478DB524D60A2900483654 /* Build configuration list for PBXProject "TipCalc" */;
			compatibilityVersion = "Xcode 9.3";
			developmentRegion = en;
			hasScannedForEncodings = 0;
			knownRegions = (
				en,
				Base,
			);
			mainGroup = 3E478DB124D60A2900483654;
			productRefGroup = 3E478DBB24D60A2900483654 /* Products */;
			projectDirPath = "";
			projectRoot = "";
			targets = (
				3E478DB924D60A2900483654 /* TipCalc */,
				3E478DCF24D60A2A00483654 /* TipCalcTests */,
				3E478DDA24D60A2A00483654 /* TipCalcUITests */,
			);
		};
/* End PBXProject section */

/* Begin PBXResourcesBuildPhase section */
		3E478DB824D60A2900483654 /* Resources */ = {
			isa = PBXResourcesBuildPhase;
			buildActionMask = 2147483647;
			files = (
				3E478DCA24D60A2A00483654 /* LaunchScreen.storyboard in Resources */,
				3E478DC724D60A2A00483654 /* Assets.xcassets in Resources */,
				3E478DC524D60A2900483654 /* Main.storyboard in Resources */,
			);
			runOnlyForDeploymentPostprocessing = 0;
		};
		3E478DCE24D60A2A00483654 /* Resources */ = {
			isa = PBXResourcesBuildPhase;
			buildActionMask = 2147483647;
			files = (
			);
			runOnlyForDeploymentPostprocessing = 0;
		};
		3E478DD924D60A2A00483654 /* Resources */ = {
			isa = PBXResourcesBuildPhase;
			buildActionMask = 2147483647;
			files = (
			);
			runOnlyForDeploymentPostprocessing = 0;
		};
/* End PBXResourcesBuildPhase section */

/* Begin PBXSourcesBuildPhase section */
		3E478DB624D60A2900483654 /* Sources */ = {
			isa = PBXSourcesBuildPhase;
			buildActionMask = 2147483647;
			files = (
				3E478DC224D60A2900483654 /* ViewController.swift in Sources */,
				3E478DBE24D60A2900483654 /* AppDelegate.swift in Sources */,
				3E478DC024D60A2900483654 /* SceneDelegate.swift in Sources */,
			);
			runOnlyForDeploymentPostprocessing = 0;
		};
		3E478DCC24D60A2A00483654 /* Sources */ = {
			isa = PBXSourcesBuildPhase;
			buildActionMask = 2147483647;
			files = (
				3E478DD524D60A2A00483654 /* TipCalcTests.swift in Sources */,
			);
			runOnlyForDeploymentPostprocessing = 0;
		};
		3E478DD724D60A2A00483654 /* Sources */ = {
			isa = PBXSourcesBuildPhase;
			buildActionMask = 2147483647;
			files = (
				3E478DE024D60A2A00483654 /* TipCalcUITests.swift in Sources */,
			);
			runOnlyForDeploymentPostprocessing = 0;
		};
/* End PBXSourcesBuildPhase section */

/* Begin PBXTargetDependency section */
		3E478DD224D60A2A00483654 /* PBXTargetDependency */ = {
			isa = PBXTargetDependency;
			target = 3E478DB924D60A2900483654 /* TipCalc */;
			targetProxy = 3E478DD124D60A2A00483654 /* PBXContainerItemProxy */;
		};
		3E478DDD24D60A2A00483654 /* PBXTargetDependency */ = {
			isa = PBXTargetDependency;
			target = 3E478DB924D60A2900483654 /* TipCalc */;
			targetProxy = 3E478DDC24D60A2A00483654 /* PBXContainerItemProxy */;
		};
/* End PBXTargetDependency section */

/* Begin PBXVariantGroup section */
		3E478DC324D60A2900483654 /* Main.storyboard */ = {
			isa = PBXVariantGroup;
			children = (
				3E478DC424D60A2900483654 /* Base */,
			);
			name = Main.storyboard;
			sourceTree = "<group>";
		};
		3E478DC824D60A2A00483654 /* LaunchScreen.storyboard */ = {
			isa = PBXVariantGroup;
			children = (
				3E478DC924D60A2A00483654 /* Base */,
			);
			name = LaunchScreen.storyboard;
			sourceTree = "<group>";
		};
/* End PBXVariantGroup section */

/* Begin XCBuildConfiguration section */
		3E478DE224D60A2A00483654 /* Debug */ = {
			isa = XCBuildConfiguration;
			buildSettings = {
				ALWAYS_SEARCH_USER_PATHS = NO;
				CLANG_ANALYZER_NONNULL = YES;
				CLANG_ANALYZER_NUMBER_OBJECT_CONVERSION = YES_AGGRESSIVE;
				CLANG_CXX_LANGUAGE_STANDARD = "gnu++14";
				CLANG_CXX_LIBRARY = "libc++";
				CLANG_ENABLE_MODULES = YES;
				CLANG_ENABLE_OBJC_ARC = YES;
				CLANG_ENABLE_OBJC_WEAK = YES;
				CLANG_WARN_BLOCK_CAPTURE_AUTORELEASING = YES;
				CLANG_WARN_BOOL_CONVERSION = YES;
				CLANG_WARN_COMMA = YES;
				CLANG_WARN_CONSTANT_CONVERSION = YES;
				CLANG_WARN_DEPRECATED_OBJC_IMPLEMENTATIONS = YES;
				CLANG_WARN_DIRECT_OBJC_ISA_USAGE = YES_ERROR;
				CLANG_WARN_DOCUMENTATION_COMMENTS = YES;
				CLANG_WARN_EMPTY_BODY = YES;
				CLANG_WARN_ENUM_CONVERSION = YES;
				CLANG_WARN_INFINITE_RECURSION = YES;
				CLANG_WARN_INT_CONVERSION = YES;
				CLANG_WARN_NON_LITERAL_NULL_CONVERSION = YES;
				CLANG_WARN_OBJC_IMPLICIT_RETAIN_SELF = YES;
				CLANG_WARN_OBJC_LITERAL_CONVERSION = YES;
				CLANG_WARN_OBJC_ROOT_CLASS = YES_ERROR;
				CLANG_WARN_RANGE_LOOP_ANALYSIS = YES;
				CLANG_WARN_STRICT_PROTOTYPES = YES;
				CLANG_WARN_SUSPICIOUS_MOVE = YES;
				CLANG_WARN_UNGUARDED_AVAILABILITY = YES_AGGRESSIVE;
				CLANG_WARN_UNREACHABLE_CODE = YES;
				CLANG_WARN__DUPLICATE_METHOD_MATCH = YES;
				COPY_PHASE_STRIP = NO;
				DEBUG_INFORMATION_FORMAT = dwarf;
				ENABLE_STRICT_OBJC_MSGSEND = YES;
				ENABLE_TESTABILITY = YES;
				GCC_C_LANGUAGE_STANDARD = gnu11;
				GCC_DYNAMIC_NO_PIC = NO;
				GCC_NO_COMMON_BLOCKS = YES;
				GCC_OPTIMIZATION_LEVEL = 0;
				GCC_PREPROCESSOR_DEFINITIONS = (
					"DEBUG=1",
					"$(inherited)",
				);
				GCC_WARN_64_TO_32_BIT_CONVERSION = YES;
				GCC_WARN_ABOUT_RETURN_TYPE = YES_ERROR;
				GCC_WARN_UNDECLARED_SELECTOR = YES;
				GCC_WARN_UNINITIALIZED_AUTOS = YES_AGGRESSIVE;
				GCC_WARN_UNUSED_FUNCTION = YES;
				GCC_WARN_UNUSED_VARIABLE = YES;
				IPHONEOS_DEPLOYMENT_TARGET = 13.6;
				MTL_ENABLE_DEBUG_INFO = INCLUDE_SOURCE;
				MTL_FAST_MATH = YES;
				ONLY_ACTIVE_ARCH = YES;
				SDKROOT = iphoneos;
				SWIFT_ACTIVE_COMPILATION_CONDITIONS = DEBUG;
				SWIFT_OPTIMIZATION_LEVEL = "-Onone";
			};
			name = Debug;
		};
		3E478DE324D60A2A00483654 /* Release */ = {
			isa = XCBuildConfiguration;
			buildSettings = {
				ALWAYS_SEARCH_USER_PATHS = NO;
				CLANG_ANALYZER_NONNULL = YES;
				CLANG_ANALYZER_NUMBER_OBJECT_CONVERSION = YES_AGGRESSIVE;
				CLANG_CXX_LANGUAGE_STANDARD = "gnu++14";
				CLANG_CXX_LIBRARY = "libc++";
				CLANG_ENABLE_MODULES = YES;
				CLANG_ENABLE_OBJC_ARC = YES;
				CLANG_ENABLE_OBJC_WEAK = YES;
				CLANG_WARN_BLOCK_CAPTURE_AUTORELEASING = YES;
				CLANG_WARN_BOOL_CONVERSION = YES;
				CLANG_WARN_COMMA = YES;
				CLANG_WARN_CONSTANT_CONVERSION = YES;
				CLANG_WARN_DEPRECATED_OBJC_IMPLEMENTATIONS = YES;
				CLANG_WARN_DIRECT_OBJC_ISA_USAGE = YES_ERROR;
				CLANG_WARN_DOCUMENTATION_COMMENTS = YES;
				CLANG_WARN_EMPTY_BODY = YES;
				CLANG_WARN_ENUM_CONVERSION = YES;
				CLANG_WARN_INFINITE_RECURSION = YES;
				CLANG_WARN_INT_CONVERSION = YES;
				CLANG_WARN_NON_LITERAL_NULL_CONVERSION = YES;
				CLANG_WARN_OBJC_IMPLICIT_RETAIN_SELF = YES;
				CLANG_WARN_OBJC_LITERAL_CONVERSION = YES;
				CLANG_WARN_OBJC_ROOT_CLASS = YES_ERROR;
				CLANG_WARN_RANGE_LOOP_ANALYSIS = YES;
				CLANG_WARN_STRICT_PROTOTYPES = YES;
				CLANG_WARN_SUSPICIOUS_MOVE = YES;
				CLANG_WARN_UNGUARDED_AVAILABILITY = YES_AGGRESSIVE;
				CLANG_WARN_UNREACHABLE_CODE = YES;
				CLANG_WARN__DUPLICATE_METHOD_MATCH = YES;
				COPY_PHASE_STRIP = NO;
				DEBUG_INFORMATION_FORMAT = "dwarf-with-dsym";
				ENABLE_NS_ASSERTIONS = NO;
				ENABLE_STRICT_OBJC_MSGSEND = YES;
				GCC_C_LANGUAGE_STANDARD = gnu11;
				GCC_NO_COMMON_BLOCKS = YES;
				GCC_WARN_64_TO_32_BIT_CONVERSION = YES;
				GCC_WARN_ABOUT_RETURN_TYPE = YES_ERROR;
				GCC_WARN_UNDECLARED_SELECTOR = YES;
				GCC_WARN_UNINITIALIZED_AUTOS = YES_AGGRESSIVE;
				GCC_WARN_UNUSED_FUNCTION = YES;
				GCC_WARN_UNUSED_VARIABLE = YES;
				IPHONEOS_DEPLOYMENT_TARGET = 13.6;
				MTL_ENABLE_DEBUG_INFO = NO;
				MTL_FAST_MATH = YES;
				SDKROOT = iphoneos;
				SWIFT_COMPILATION_MODE = wholemodule;
				SWIFT_OPTIMIZATION_LEVEL = "-O";
				VALIDATE_PRODUCT = YES;
			};
			name = Release;
		};
		3E478DE524D60A2A00483654 /* Debug */ = {
			isa = XCBuildConfiguration;
			buildSettings = {
				ASSETCATALOG_COMPILER_APPICON_NAME = AppIcon;
				CODE_SIGN_STYLE = Automatic;
				INFOPLIST_FILE = TipCalc/Info.plist;
				LD_RUNPATH_SEARCH_PATHS = (
					"$(inherited)",
					"@executable_path/Frameworks",
				);
				PRODUCT_BUNDLE_IDENTIFIER = "Nick-Fong.TipCalc";
				PRODUCT_NAME = "$(TARGET_NAME)";
				SWIFT_VERSION = 5.0;
				TARGETED_DEVICE_FAMILY = "1,2";
			};
			name = Debug;
		};
		3E478DE624D60A2A00483654 /* Release */ = {
			isa = XCBuildConfiguration;
			buildSettings = {
				ASSETCATALOG_COMPILER_APPICON_NAME = AppIcon;
				CODE_SIGN_STYLE = Automatic;
				INFOPLIST_FILE = TipCalc/Info.plist;
				LD_RUNPATH_SEARCH_PATHS = (
					"$(inherited)",
					"@executable_path/Frameworks",
				);
				PRODUCT_BUNDLE_IDENTIFIER = "Nick-Fong.TipCalc";
				PRODUCT_NAME = "$(TARGET_NAME)";
				SWIFT_VERSION = 5.0;
				TARGETED_DEVICE_FAMILY = "1,2";
			};
			name = Release;
		};
		3E478DE824D60A2A00483654 /* Debug */ = {
			isa = XCBuildConfiguration;
			buildSettings = {
				ALWAYS_EMBED_SWIFT_STANDARD_LIBRARIES = YES;
				BUNDLE_LOADER = "$(TEST_HOST)";
				CODE_SIGN_STYLE = Automatic;
				INFOPLIST_FILE = TipCalcTests/Info.plist;
				IPHONEOS_DEPLOYMENT_TARGET = 13.6;
				LD_RUNPATH_SEARCH_PATHS = (
					"$(inherited)",
					"@executable_path/Frameworks",
					"@loader_path/Frameworks",
				);
				PRODUCT_BUNDLE_IDENTIFIER = "Nick-Fong.TipCalcTests";
				PRODUCT_NAME = "$(TARGET_NAME)";
				SWIFT_VERSION = 5.0;
				TARGETED_DEVICE_FAMILY = "1,2";
				TEST_HOST = "$(BUILT_PRODUCTS_DIR)/TipCalc.app/TipCalc";
			};
			name = Debug;
		};
		3E478DE924D60A2A00483654 /* Release */ = {
			isa = XCBuildConfiguration;
			buildSettings = {
				ALWAYS_EMBED_SWIFT_STANDARD_LIBRARIES = YES;
				BUNDLE_LOADER = "$(TEST_HOST)";
				CODE_SIGN_STYLE = Automatic;
				INFOPLIST_FILE = TipCalcTests/Info.plist;
				IPHONEOS_DEPLOYMENT_TARGET = 13.6;
				LD_RUNPATH_SEARCH_PATHS = (
					"$(inherited)",
					"@executable_path/Frameworks",
					"@loader_path/Frameworks",
				);
				PRODUCT_BUNDLE_IDENTIFIER = "Nick-Fong.TipCalcTests";
				PRODUCT_NAME = "$(TARGET_NAME)";
				SWIFT_VERSION = 5.0;
				TARGETED_DEVICE_FAMILY = "1,2";
				TEST_HOST = "$(BUILT_PRODUCTS_DIR)/TipCalc.app/TipCalc";
			};
			name = Release;
		};
		3E478DEB24D60A2A00483654 /* Debug */ = {
			isa = XCBuildConfiguration;
			buildSettings = {
				ALWAYS_EMBED_SWIFT_STANDARD_LIBRARIES = YES;
				CODE_SIGN_STYLE = Automatic;
				INFOPLIST_FILE = TipCalcUITests/Info.plist;
				LD_RUNPATH_SEARCH_PATHS = (
					"$(inherited)",
					"@executable_path/Frameworks",
					"@loader_path/Frameworks",
				);
				PRODUCT_BUNDLE_IDENTIFIER = "Nick-Fong.TipCalcUITests";
				PRODUCT_NAME = "$(TARGET_NAME)";
				SWIFT_VERSION = 5.0;
				TARGETED_DEVICE_FAMILY = "1,2";
				TEST_TARGET_NAME = TipCalc;
			};
			name = Debug;
		};
		3E478DEC24D60A2A00483654 /* Release */ = {
			isa = XCBuildConfiguration;
			buildSettings = {
				ALWAYS_EMBED_SWIFT_STANDARD_LIBRARIES = YES;
				CODE_SIGN_STYLE = Automatic;
				INFOPLIST_FILE = TipCalcUITests/Info.plist;
				LD_RUNPATH_SEARCH_PATHS = (
					"$(inherited)",
					"@executable_path/Frameworks",
					"@loader_path/Frameworks",
				);
				PRODUCT_BUNDLE_IDENTIFIER = "Nick-Fong.TipCalcUITests";
				PRODUCT_NAME = "$(TARGET_NAME)";
				SWIFT_VERSION = 5.0;
				TARGETED_DEVICE_FAMILY = "1,2";
				TEST_TARGET_NAME = TipCalc;
			};
			name = Release;
		};
/* End XCBuildConfiguration section */

/* Begin XCConfigurationList section */
		3E478DB524D60A2900483654 /* Build configuration list for PBXProject "TipCalc" */ = {
			isa = XCConfigurationList;
			buildConfigurations = (
				3E478DE224D60A2A00483654 /* Debug */,
				3E478DE324D60A2A00483654 /* Release */,
			);
			defaultConfigurationIsVisible = 0;
			defaultConfigurationName = Release;
		};
		3E478DE424D60A2A00483654 /* Build configuration list for PBXNativeTarget "TipCalc" */ = {
			isa = XCConfigurationList;
			buildConfigurations = (
				3E478DE524D60A2A00483654 /* Debug */,
				3E478DE624D60A2A00483654 /* Release */,
			);
			defaultConfigurationIsVisible = 0;
			defaultConfigurationName = Release;
		};
		3E478DE724D60A2A00483654 /* Build configuration list for PBXNativeTarget "TipCalcTests" */ = {
			isa = XCConfigurationList;
			buildConfigurations = (
				3E478DE824D60A2A00483654 /* Debug */,
				3E478DE924D60A2A00483654 /* Release */,
			);
			defaultConfigurationIsVisible = 0;
			defaultConfigurationName = Release;
		};
		3E478DEA24D60A2A00483654 /* Build configuration list for PBXNativeTarget "TipCalcUITests" */ = {
			isa = XCConfigurationList;
			buildConfigurations = (
				3E478DEB24D60A2A00483654 /* Debug */,
				3E478DEC24D60A2A00483654 /* Release */,
			);
			defaultConfigurationIsVisible = 0;
			defaultConfigurationName = Release;
		};
/* End XCConfigurationList section */
	};
	rootObject = 3E478DB224D60A2900483654 /* Project object */;
}
